
Microsoft Visual Studio Solution File, Format Version 12.00
# Visual Studio Version 16
VisualStudioVersion = 16.0.30204.135
MinimumVisualStudioVersion = 10.0.40219.1
Project("{FAE04EC0-301F-11D3-BF4B-00C04F79EFBC}") = "TrainingTests", "TrainingTests\TrainingTests.csproj", "{83DEC738-AA71-4A10-BB90-2AFFBEEA95EF}"
EndProject
Project("{FAE04EC0-301F-11D3-BF4B-00C04F79EFBC}") = "xUnitTest", "xUnitTest\xUnitTest.csproj", "{48709475-7CD1-46BD-BF04-89DDD53F20B8}"
EndProject
Global
	GlobalSection(SolutionConfigurationPlatforms) = preSolution
		Debug|Any CPU = Debug|Any CPU
		Release|Any CPU = Release|Any CPU
	EndGlobalSection
	GlobalSection(ProjectConfigurationPlatforms) = postSolution
		{83DEC738-AA71-4A10-BB90-2AFFBEEA95EF}.Debug|Any CPU.ActiveCfg = Debug|Any CPU
		{83DEC738-AA71-4A10-BB90-2AFFBEEA95EF}.Debug|Any CPU.Build.0 = Debug|Any CPU
		{83DEC738-AA71-4A10-BB90-2AFFBEEA95EF}.Release|Any CPU.ActiveCfg = Release|Any CPU
		{83DEC738-AA71-4A10-BB90-2AFFBEEA95EF}.Release|Any CPU.Build.0 = Release|Any CPU
		{48709475-7CD1-46BD-BF04-89DDD53F20B8}.Debug|Any CPU.ActiveCfg = Debug|Any CPU
		{48709475-7CD1-46BD-BF04-89DDD53F20B8}.Debug|Any CPU.Build.0 = Debug|Any CPU
		{48709475-7CD1-46BD-BF04-89DDD53F20B8}.Release|Any CPU.ActiveCfg = Release|Any CPU
		{48709475-7CD1-46BD-BF04-89DDD53F20B8}.Release|Any CPU.Build.0 = Release|Any CPU
	EndGlobalSection
	GlobalSection(SolutionProperties) = preSolution
		HideSolutionNode = FALSE
	EndGlobalSection
	GlobalSection(ExtensibilityGlobals) = postSolution
		SolutionGuid = {FACC0E36-B537-442E-B805-CB19CB9E8EF6}
	EndGlobalSection
EndGlobal
